
Microsoft Visual Studio Solution File, Format Version 12.00
# Visual Studio Version 16
VisualStudioVersion = 16.0.29519.161
MinimumVisualStudioVersion = 10.0.40219.1
Project("{FAE04EC0-301F-11D3-BF4B-00C04F79EFBC}") = "Fractions", "Fractions\Fractions.csproj", "{94A0B023-0958-4017-9795-D3F4CE61449B}"
EndProject
Project("{9A19103F-16F7-4668-BE54-9A1E7A4F7556}") = "FractionClass", "..\FractionClass\FractionClass\FractionClass.csproj", "{797F1A6B-996D-4809-9177-381FBB052E02}"
EndProject
Global
	GlobalSection(SolutionConfigurationPlatforms) = preSolution
		Debug|Any CPU = Debug|Any CPU
		Release|Any CPU = Release|Any CPU
	EndGlobalSection
	GlobalSection(ProjectConfigurationPlatforms) = postSolution
		{94A0B023-0958-4017-9795-D3F4CE61449B}.Debug|Any CPU.ActiveCfg = Debug|Any CPU
		{94A0B023-0958-4017-9795-D3F4CE61449B}.Debug|Any CPU.Build.0 = Debug|Any CPU
		{94A0B023-0958-4017-9795-D3F4CE61449B}.Release|Any CPU.ActiveCfg = Release|Any CPU
		{94A0B023-0958-4017-9795-D3F4CE61449B}.Release|Any CPU.Build.0 = Release|Any CPU
		{797F1A6B-996D-4809-9177-381FBB052E02}.Debug|Any CPU.ActiveCfg = Debug|Any CPU
		{797F1A6B-996D-4809-9177-381FBB052E02}.Debug|Any CPU.Build.0 = Debug|Any CPU
		{797F1A6B-996D-4809-9177-381FBB052E02}.Release|Any CPU.ActiveCfg = Release|Any CPU
		{797F1A6B-996D-4809-9177-381FBB052E02}.Release|Any CPU.Build.0 = Release|Any CPU
	EndGlobalSection
	GlobalSection(SolutionProperties) = preSolution
		HideSolutionNode = FALSE
	EndGlobalSection
	GlobalSection(ExtensibilityGlobals) = postSolution
		SolutionGuid = {31858240-756B-4AA7-AD41-0C1D7357AE45}
	EndGlobalSection
EndGlobal
